
Microsoft Visual Studio Solution File, Format Version 12.00
# Visual Studio Version 16
VisualStudioVersion = 16.0.29424.173
MinimumVisualStudioVersion = 10.0.40219.1
Project("{FAE04EC0-301F-11D3-BF4B-00C04F79EFBC}") = "AcmeLanding", "AcmeLanding\AcmeLanding.csproj", "{93A3BBFF-AFDE-4562-A199-2E2402EFC039}"
EndProject
Project("{FAE04EC0-301F-11D3-BF4B-00C04F79EFBC}") = "ClassLibrary", "ClassLibrary\ClassLibrary.csproj", "{16212C34-462D-4FC1-B223-844D75B13646}"
EndProject
Global
	GlobalSection(SolutionConfigurationPlatforms) = preSolution
		Debug|Any CPU = Debug|Any CPU
		Release|Any CPU = Release|Any CPU
	EndGlobalSection
	GlobalSection(ProjectConfigurationPlatforms) = postSolution
		{93A3BBFF-AFDE-4562-A199-2E2402EFC039}.Debug|Any CPU.ActiveCfg = Debug|Any CPU
		{93A3BBFF-AFDE-4562-A199-2E2402EFC039}.Debug|Any CPU.Build.0 = Debug|Any CPU
		{93A3BBFF-AFDE-4562-A199-2E2402EFC039}.Release|Any CPU.ActiveCfg = Release|Any CPU
		{93A3BBFF-AFDE-4562-A199-2E2402EFC039}.Release|Any CPU.Build.0 = Release|Any CPU
		{16212C34-462D-4FC1-B223-844D75B13646}.Debug|Any CPU.ActiveCfg = Debug|Any CPU
		{16212C34-462D-4FC1-B223-844D75B13646}.Debug|Any CPU.Build.0 = Debug|Any CPU
		{16212C34-462D-4FC1-B223-844D75B13646}.Release|Any CPU.ActiveCfg = Release|Any CPU
		{16212C34-462D-4FC1-B223-844D75B13646}.Release|Any CPU.Build.0 = Release|Any CPU
	EndGlobalSection
	GlobalSection(SolutionProperties) = preSolution
		HideSolutionNode = FALSE
	EndGlobalSection
	GlobalSection(ExtensibilityGlobals) = postSolution
		SolutionGuid = {09AC32AE-916C-4038-BC86-AB3FABE94E9C}
	EndGlobalSection
EndGlobal
